// !$*UTF8*$!
{
	archiveVersion = 1;
	classes = {
	};
	objectVersion = 56;
	objects = {

/* Begin PBXBuildFile section */
		5409DAF72930FD4A0065163C /* WidgetKit.framework in Frameworks */ = {isa = PBXBuildFile; fileRef = 5409DAF62930FD4A0065163C /* WidgetKit.framework */; };
		5409DAF92930FD4A0065163C /* SwiftUI.framework in Frameworks */ = {isa = PBXBuildFile; fileRef = 5409DAF82930FD4A0065163C /* SwiftUI.framework */; };
		5409DAFC2930FD4A0065163C /* CryptoWidgetBundle.swift in Sources */ = {isa = PBXBuildFile; fileRef = 5409DAFB2930FD4A0065163C /* CryptoWidgetBundle.swift */; };
		5409DAFE2930FD4A0065163C /* CryptoWidget.swift in Sources */ = {isa = PBXBuildFile; fileRef = 5409DAFD2930FD4A0065163C /* CryptoWidget.swift */; };
		5409DB002930FD4C0065163C /* Assets.xcassets in Resources */ = {isa = PBXBuildFile; fileRef = 5409DAFF2930FD4C0065163C /* Assets.xcassets */; };
		5409DB042930FD4C0065163C /* CryptoWidgetExtension.appex in Embed Foundation Extensions */ = {isa = PBXBuildFile; fileRef = 5409DAF42930FD4A0065163C /* CryptoWidgetExtension.appex */; settings = {ATTRIBUTES = (RemoveHeadersOnCopy, ); }; };
		543F78F02931C40A008FABF8 /* Home.swift in Sources */ = {isa = PBXBuildFile; fileRef = 543F78EF2931C40A008FABF8 /* Home.swift */; };
		543F78F22931C486008FABF8 /* FlightApp.swift in Sources */ = {isa = PBXBuildFile; fileRef = 543F78F12931C486008FABF8 /* FlightApp.swift */; };
		543F78F52934BA7E008FABF8 /* Card.swift in Sources */ = {isa = PBXBuildFile; fileRef = 543F78F42934BA7E008FABF8 /* Card.swift */; };
		543F78F7293590D2008FABF8 /* DetailView.swift in Sources */ = {isa = PBXBuildFile; fileRef = 543F78F6293590D2008FABF8 /* DetailView.swift */; };
		543F78F9293590FD008FABF8 /* FlightDetailView.swift in Sources */ = {isa = PBXBuildFile; fileRef = 543F78F8293590FD008FABF8 /* FlightDetailView.swift */; };
		54478E88292B997600AD82CE /* Task2View.swift in Sources */ = {isa = PBXBuildFile; fileRef = 54478E87292B997600AD82CE /* Task2View.swift */; };
		54478E8F292B9B2600AD82CE /* Task2ViewModel.swift in Sources */ = {isa = PBXBuildFile; fileRef = 54478E8E292B9B2600AD82CE /* Task2ViewModel.swift */; };
		54478E95292C4B7300AD82CE /* Task2Filter.swift in Sources */ = {isa = PBXBuildFile; fileRef = 54478E94292C4B7300AD82CE /* Task2Filter.swift */; };
		54478E97292C52D600AD82CE /* Task2Add.swift in Sources */ = {isa = PBXBuildFile; fileRef = 54478E96292C52D600AD82CE /* Task2Add.swift */; };
		54634E91292938F500A34B14 /* ParallaxCardEffect.swift in Sources */ = {isa = PBXBuildFile; fileRef = 54634E90292938F500A34B14 /* ParallaxCardEffect.swift */; };
		546AC5F829290C180067EAEE /* AnimatedStickyHeaderMainView.swift in Sources */ = {isa = PBXBuildFile; fileRef = 546AC5F729290C180067EAEE /* AnimatedStickyHeaderMainView.swift */; };
		546E8303291F2E9D00DB556E /* SwiftExerciseApp.swift in Sources */ = {isa = PBXBuildFile; fileRef = 546E8302291F2E9D00DB556E /* SwiftExerciseApp.swift */; };
		546E8305291F2E9D00DB556E /* ContentView.swift in Sources */ = {isa = PBXBuildFile; fileRef = 546E8304291F2E9D00DB556E /* ContentView.swift */; };
		546E8307291F2E9F00DB556E /* Assets.xcassets in Resources */ = {isa = PBXBuildFile; fileRef = 546E8306291F2E9F00DB556E /* Assets.xcassets */; };
		546E830A291F2E9F00DB556E /* Preview Assets.xcassets in Resources */ = {isa = PBXBuildFile; fileRef = 546E8309291F2E9F00DB556E /* Preview Assets.xcassets */; };
		546E8311291F328B00DB556E /* Pages.swift in Sources */ = {isa = PBXBuildFile; fileRef = 546E8310291F328B00DB556E /* Pages.swift */; };
		546E8316291F396700DB556E /* Model.swift in Sources */ = {isa = PBXBuildFile; fileRef = 546E8315291F396700DB556E /* Model.swift */; };
		546E8318291F3AAF00DB556E /* StudentViewModel.swift in Sources */ = {isa = PBXBuildFile; fileRef = 546E8317291F3AAF00DB556E /* StudentViewModel.swift */; };
		546E831C291F3E5900DB556E /* StudentListView.swift in Sources */ = {isa = PBXBuildFile; fileRef = 546E831B291F3E5900DB556E /* StudentListView.swift */; };
		546E831E291F40CC00DB556E /* StudentDetailView.swift in Sources */ = {isa = PBXBuildFile; fileRef = 546E831D291F40CC00DB556E /* StudentDetailView.swift */; };
		546E8321291F89AA00DB556E /* SocketIO in Frameworks */ = {isa = PBXBuildFile; productRef = 546E8320291F89AA00DB556E /* SocketIO */; };
		546E8343291F9A6000DB556E /* SocketIOView.swift in Sources */ = {isa = PBXBuildFile; fileRef = 546E8342291F9A6000DB556E /* SocketIOView.swift */; };
		546E8345291F9ADB00DB556E /* SocketService.swift in Sources */ = {isa = PBXBuildFile; fileRef = 546E8344291F9ADB00DB556E /* SocketService.swift */; };
		54ADDFB82929F70D00A1CAC3 /* TaskManagerView.swift in Sources */ = {isa = PBXBuildFile; fileRef = 54ADDFB72929F70D00A1CAC3 /* TaskManagerView.swift */; };
		54ADDFBA2929F83000A1CAC3 /* Persistence.swift in Sources */ = {isa = PBXBuildFile; fileRef = 54ADDFB92929F83000A1CAC3 /* Persistence.swift */; };
		54ADDFBD2929F85500A1CAC3 /* Task_Manager.xcdatamodeld in Sources */ = {isa = PBXBuildFile; fileRef = 54ADDFBB2929F85500A1CAC3 /* Task_Manager.xcdatamodeld */; };
		54ADDFC1292A023800A1CAC3 /* TaskViewModel.swift in Sources */ = {isa = PBXBuildFile; fileRef = 54ADDFC0292A023800A1CAC3 /* TaskViewModel.swift */; };
		54ADDFC3292A0BAB00A1CAC3 /* AddNewTask.swift in Sources */ = {isa = PBXBuildFile; fileRef = 54ADDFC2292A0BAB00A1CAC3 /* AddNewTask.swift */; };
		54ADDFC5292A771100A1CAC3 /* DynamicFilteredView.swift in Sources */ = {isa = PBXBuildFile; fileRef = 54ADDFC4292A771100A1CAC3 /* DynamicFilteredView.swift */; };
		54CE2F5D29377E1B00CF5DA0 /* MagnificationApp.swift in Sources */ = {isa = PBXBuildFile; fileRef = 54CE2F5C29377E1B00CF5DA0 /* MagnificationApp.swift */; };
/* End PBXBuildFile section */

/* Begin PBXContainerItemProxy section */
		5409DB022930FD4C0065163C /* PBXContainerItemProxy */ = {
			isa = PBXContainerItemProxy;
			containerPortal = 546E82F7291F2E9D00DB556E /* Project object */;
			proxyType = 1;
			remoteGlobalIDString = 5409DAF32930FD4A0065163C;
			remoteInfo = CryptoWidgetExtension;
		};
/* End PBXContainerItemProxy section */

/* Begin PBXCopyFilesBuildPhase section */
		5409DB052930FD4C0065163C /* Embed Foundation Extensions */ = {
			isa = PBXCopyFilesBuildPhase;
			buildActionMask = 2147483647;
			dstPath = "";
			dstSubfolderSpec = 13;
			files = (
				5409DB042930FD4C0065163C /* CryptoWidgetExtension.appex in Embed Foundation Extensions */,
			);
			name = "Embed Foundation Extensions";
			runOnlyForDeploymentPostprocessing = 0;
		};
/* End PBXCopyFilesBuildPhase section */

/* Begin PBXFileReference section */
		5409DAF42930FD4A0065163C /* CryptoWidgetExtension.appex */ = {isa = PBXFileReference; explicitFileType = "wrapper.app-extension"; includeInIndex = 0; path = CryptoWidgetExtension.appex; sourceTree = BUILT_PRODUCTS_DIR; };
		5409DAF62930FD4A0065163C /* WidgetKit.framework */ = {isa = PBXFileReference; lastKnownFileType = wrapper.framework; name = WidgetKit.framework; path = System/Library/Frameworks/WidgetKit.framework; sourceTree = SDKROOT; };
		5409DAF82930FD4A0065163C /* SwiftUI.framework */ = {isa = PBXFileReference; lastKnownFileType = wrapper.framework; name = SwiftUI.framework; path = System/Library/Frameworks/SwiftUI.framework; sourceTree = SDKROOT; };
		5409DAFB2930FD4A0065163C /* CryptoWidgetBundle.swift */ = {isa = PBXFileReference; lastKnownFileType = sourcecode.swift; path = CryptoWidgetBundle.swift; sourceTree = "<group>"; };
		5409DAFD2930FD4A0065163C /* CryptoWidget.swift */ = {isa = PBXFileReference; lastKnownFileType = sourcecode.swift; path = CryptoWidget.swift; sourceTree = "<group>"; };
		5409DAFF2930FD4C0065163C /* Assets.xcassets */ = {isa = PBXFileReference; lastKnownFileType = folder.assetcatalog; path = Assets.xcassets; sourceTree = "<group>"; };
		5409DB012930FD4C0065163C /* Info.plist */ = {isa = PBXFileReference; lastKnownFileType = text.plist.xml; path = Info.plist; sourceTree = "<group>"; };
		543F78EF2931C40A008FABF8 /* Home.swift */ = {isa = PBXFileReference; lastKnownFileType = sourcecode.swift; path = Home.swift; sourceTree = "<group>"; };
		543F78F12931C486008FABF8 /* FlightApp.swift */ = {isa = PBXFileReference; lastKnownFileType = sourcecode.swift; path = FlightApp.swift; sourceTree = "<group>"; };
		543F78F42934BA7E008FABF8 /* Card.swift */ = {isa = PBXFileReference; lastKnownFileType = sourcecode.swift; path = Card.swift; sourceTree = "<group>"; };
		543F78F6293590D2008FABF8 /* DetailView.swift */ = {isa = PBXFileReference; lastKnownFileType = sourcecode.swift; path = DetailView.swift; sourceTree = "<group>"; };
		543F78F8293590FD008FABF8 /* FlightDetailView.swift */ = {isa = PBXFileReference; lastKnownFileType = sourcecode.swift; path = FlightDetailView.swift; sourceTree = "<group>"; };
		54478E87292B997600AD82CE /* Task2View.swift */ = {isa = PBXFileReference; lastKnownFileType = sourcecode.swift; path = Task2View.swift; sourceTree = "<group>"; };
		54478E8E292B9B2600AD82CE /* Task2ViewModel.swift */ = {isa = PBXFileReference; lastKnownFileType = sourcecode.swift; path = Task2ViewModel.swift; sourceTree = "<group>"; };
		54478E94292C4B7300AD82CE /* Task2Filter.swift */ = {isa = PBXFileReference; lastKnownFileType = sourcecode.swift; path = Task2Filter.swift; sourceTree = "<group>"; };
		54478E96292C52D600AD82CE /* Task2Add.swift */ = {isa = PBXFileReference; lastKnownFileType = sourcecode.swift; path = Task2Add.swift; sourceTree = "<group>"; };
		54634E90292938F500A34B14 /* ParallaxCardEffect.swift */ = {isa = PBXFileReference; lastKnownFileType = sourcecode.swift; path = ParallaxCardEffect.swift; sourceTree = "<group>"; };
		546AC5F729290C180067EAEE /* AnimatedStickyHeaderMainView.swift */ = {isa = PBXFileReference; lastKnownFileType = sourcecode.swift; path = AnimatedStickyHeaderMainView.swift; sourceTree = "<group>"; };
		546E82FF291F2E9D00DB556E /* SwiftExercise.app */ = {isa = PBXFileReference; explicitFileType = wrapper.application; includeInIndex = 0; path = SwiftExercise.app; sourceTree = BUILT_PRODUCTS_DIR; };
		546E8302291F2E9D00DB556E /* SwiftExerciseApp.swift */ = {isa = PBXFileReference; lastKnownFileType = sourcecode.swift; path = SwiftExerciseApp.swift; sourceTree = "<group>"; };
		546E8304291F2E9D00DB556E /* ContentView.swift */ = {isa = PBXFileReference; lastKnownFileType = sourcecode.swift; path = ContentView.swift; sourceTree = "<group>"; };
		546E8306291F2E9F00DB556E /* Assets.xcassets */ = {isa = PBXFileReference; lastKnownFileType = folder.assetcatalog; path = Assets.xcassets; sourceTree = "<group>"; };
		546E8309291F2E9F00DB556E /* Preview Assets.xcassets */ = {isa = PBXFileReference; lastKnownFileType = folder.assetcatalog; path = "Preview Assets.xcassets"; sourceTree = "<group>"; };
		546E8310291F328B00DB556E /* Pages.swift */ = {isa = PBXFileReference; lastKnownFileType = sourcecode.swift; path = Pages.swift; sourceTree = "<group>"; };
		546E8315291F396700DB556E /* Model.swift */ = {isa = PBXFileReference; lastKnownFileType = sourcecode.swift; path = Model.swift; sourceTree = "<group>"; };
		546E8317291F3AAF00DB556E /* StudentViewModel.swift */ = {isa = PBXFileReference; lastKnownFileType = sourcecode.swift; path = StudentViewModel.swift; sourceTree = "<group>"; };
		546E831B291F3E5900DB556E /* StudentListView.swift */ = {isa = PBXFileReference; lastKnownFileType = sourcecode.swift; path = StudentListView.swift; sourceTree = "<group>"; };
		546E831D291F40CC00DB556E /* StudentDetailView.swift */ = {isa = PBXFileReference; lastKnownFileType = sourcecode.swift; path = StudentDetailView.swift; sourceTree = "<group>"; };
		546E8322291F8D0E00DB556E /* Info.plist */ = {isa = PBXFileReference; lastKnownFileType = text.plist; path = Info.plist; sourceTree = "<group>"; };
		546E8342291F9A6000DB556E /* SocketIOView.swift */ = {isa = PBXFileReference; lastKnownFileType = sourcecode.swift; path = SocketIOView.swift; sourceTree = "<group>"; };
		546E8344291F9ADB00DB556E /* SocketService.swift */ = {isa = PBXFileReference; lastKnownFileType = sourcecode.swift; path = SocketService.swift; sourceTree = "<group>"; };
		54ADDFB72929F70D00A1CAC3 /* TaskManagerView.swift */ = {isa = PBXFileReference; lastKnownFileType = sourcecode.swift; path = TaskManagerView.swift; sourceTree = "<group>"; };
		54ADDFB92929F83000A1CAC3 /* Persistence.swift */ = {isa = PBXFileReference; lastKnownFileType = sourcecode.swift; path = Persistence.swift; sourceTree = "<group>"; };
		54ADDFBC2929F85500A1CAC3 /* Task_Manager.xcdatamodel */ = {isa = PBXFileReference; lastKnownFileType = wrapper.xcdatamodel; path = Task_Manager.xcdatamodel; sourceTree = "<group>"; };
		54ADDFC0292A023800A1CAC3 /* TaskViewModel.swift */ = {isa = PBXFileReference; lastKnownFileType = sourcecode.swift; path = TaskViewModel.swift; sourceTree = "<group>"; };
		54ADDFC2292A0BAB00A1CAC3 /* AddNewTask.swift */ = {isa = PBXFileReference; lastKnownFileType = sourcecode.swift; path = AddNewTask.swift; sourceTree = "<group>"; };
		54ADDFC4292A771100A1CAC3 /* DynamicFilteredView.swift */ = {isa = PBXFileReference; lastKnownFileType = sourcecode.swift; path = DynamicFilteredView.swift; sourceTree = "<group>"; };
		54CE2F5C29377E1B00CF5DA0 /* MagnificationApp.swift */ = {isa = PBXFileReference; lastKnownFileType = sourcecode.swift; path = MagnificationApp.swift; sourceTree = "<group>"; };
/* End PBXFileReference section */

/* Begin PBXFrameworksBuildPhase section */
		5409DAF12930FD4A0065163C /* Frameworks */ = {
			isa = PBXFrameworksBuildPhase;
			buildActionMask = 2147483647;
			files = (
				5409DAF92930FD4A0065163C /* SwiftUI.framework in Frameworks */,
				5409DAF72930FD4A0065163C /* WidgetKit.framework in Frameworks */,
			);
			runOnlyForDeploymentPostprocessing = 0;
		};
		546E82FC291F2E9D00DB556E /* Frameworks */ = {
			isa = PBXFrameworksBuildPhase;
			buildActionMask = 2147483647;
			files = (
				546E8321291F89AA00DB556E /* SocketIO in Frameworks */,
			);
			runOnlyForDeploymentPostprocessing = 0;
		};
/* End PBXFrameworksBuildPhase section */

/* Begin PBXGroup section */
		5409DAF52930FD4A0065163C /* Frameworks */ = {
			isa = PBXGroup;
			children = (
				5409DAF62930FD4A0065163C /* WidgetKit.framework */,
				5409DAF82930FD4A0065163C /* SwiftUI.framework */,
			);
			name = Frameworks;
			sourceTree = "<group>";
		};
		5409DAFA2930FD4A0065163C /* CryptoWidget */ = {
			isa = PBXGroup;
			children = (
				5409DAFB2930FD4A0065163C /* CryptoWidgetBundle.swift */,
				5409DAFD2930FD4A0065163C /* CryptoWidget.swift */,
				5409DAFF2930FD4C0065163C /* Assets.xcassets */,
				5409DB012930FD4C0065163C /* Info.plist */,
			);
			path = CryptoWidget;
			sourceTree = "<group>";
		};
		543F78EB2931C389008FABF8 /* Flight App */ = {
			isa = PBXGroup;
			children = (
				543F78F32934BA70008FABF8 /* Model */,
				543F78EC2931C3EA008FABF8 /* view */,
				543F78F12931C486008FABF8 /* FlightApp.swift */,
			);
			path = "Flight App";
			sourceTree = "<group>";
		};
		543F78EC2931C3EA008FABF8 /* view */ = {
			isa = PBXGroup;
			children = (
				543F78EF2931C40A008FABF8 /* Home.swift */,
				543F78F6293590D2008FABF8 /* DetailView.swift */,
				543F78F8293590FD008FABF8 /* FlightDetailView.swift */,
			);
			path = view;
			sourceTree = "<group>";
		};
		543F78F32934BA70008FABF8 /* Model */ = {
			isa = PBXGroup;
			children = (
				543F78F42934BA7E008FABF8 /* Card.swift */,
			);
			path = Model;
			sourceTree = "<group>";
		};
		54478E86292B994E00AD82CE /* Task Management App UI */ = {
			isa = PBXGroup;
			children = (
				54478E8D292B9B1800AD82CE /* ViewModel */,
				54478E89292B9AA800AD82CE /* View */,
			);
			path = "Task Management App UI";
			sourceTree = "<group>";
		};
		54478E89292B9AA800AD82CE /* View */ = {
			isa = PBXGroup;
			children = (
				54478E96292C52D600AD82CE /* Task2Add.swift */,
				54478E87292B997600AD82CE /* Task2View.swift */,
				54478E94292C4B7300AD82CE /* Task2Filter.swift */,
			);
			path = View;
			sourceTree = "<group>";
		};
		54478E8D292B9B1800AD82CE /* ViewModel */ = {
			isa = PBXGroup;
			children = (
				54478E8E292B9B2600AD82CE /* Task2ViewModel.swift */,
			);
			path = ViewModel;
			sourceTree = "<group>";
		};
		54634E8D2929386E00A34B14 /* 3D Parallax Card Effect */ = {
			isa = PBXGroup;
			children = (
				54634E90292938F500A34B14 /* ParallaxCardEffect.swift */,
			);
			path = "3D Parallax Card Effect";
			sourceTree = "<group>";
		};
		546AC5F629290BEA0067EAEE /* Animated Sticky Header */ = {
			isa = PBXGroup;
			children = (
				546AC5F729290C180067EAEE /* AnimatedStickyHeaderMainView.swift */,
			);
			path = "Animated Sticky Header";
			sourceTree = "<group>";
		};
		546E82F6291F2E9D00DB556E = {
			isa = PBXGroup;
			children = (
				546E8301291F2E9D00DB556E /* SwiftExercise */,
				5409DAFA2930FD4A0065163C /* CryptoWidget */,
				5409DAF52930FD4A0065163C /* Frameworks */,
				546E8300291F2E9D00DB556E /* Products */,
			);
			sourceTree = "<group>";
		};
		546E8300291F2E9D00DB556E /* Products */ = {
			isa = PBXGroup;
			children = (
				546E82FF291F2E9D00DB556E /* SwiftExercise.app */,
				5409DAF42930FD4A0065163C /* CryptoWidgetExtension.appex */,
			);
			name = Products;
			sourceTree = "<group>";
		};
		546E8301291F2E9D00DB556E /* SwiftExercise */ = {
			isa = PBXGroup;
			children = (
				54CE2F5B29377DFB00CF5DA0 /* Magnification App */,
				543F78EB2931C389008FABF8 /* Flight App */,
				54478E86292B994E00AD82CE /* Task Management App UI */,
				54ADDFB62929F6F200A1CAC3 /* Core Data */,
				54634E8D2929386E00A34B14 /* 3D Parallax Card Effect */,
				546AC5F629290BEA0067EAEE /* Animated Sticky Header */,
				546E8341291F9A5000DB556E /* SocketIO */,
				546E8322291F8D0E00DB556E /* Info.plist */,
				546E8314291F393400DB556E /* Restful API */,
				546E8310291F328B00DB556E /* Pages.swift */,
				546E8302291F2E9D00DB556E /* SwiftExerciseApp.swift */,
				546E8304291F2E9D00DB556E /* ContentView.swift */,
				546E8306291F2E9F00DB556E /* Assets.xcassets */,
				546E8308291F2E9F00DB556E /* Preview Content */,
			);
			path = SwiftExercise;
			sourceTree = "<group>";
		};
		546E8308291F2E9F00DB556E /* Preview Content */ = {
			isa = PBXGroup;
			children = (
				546E8309291F2E9F00DB556E /* Preview Assets.xcassets */,
			);
			path = "Preview Content";
			sourceTree = "<group>";
		};
		546E8314291F393400DB556E /* Restful API */ = {
			isa = PBXGroup;
			children = (
				546E8315291F396700DB556E /* Model.swift */,
				546E8317291F3AAF00DB556E /* StudentViewModel.swift */,
				546E831B291F3E5900DB556E /* StudentListView.swift */,
				546E831D291F40CC00DB556E /* StudentDetailView.swift */,
			);
			path = "Restful API";
			sourceTree = "<group>";
		};
		546E8341291F9A5000DB556E /* SocketIO */ = {
			isa = PBXGroup;
			children = (
				546E8342291F9A6000DB556E /* SocketIOView.swift */,
				546E8344291F9ADB00DB556E /* SocketService.swift */,
			);
			path = SocketIO;
			sourceTree = "<group>";
		};
		54ADDFB62929F6F200A1CAC3 /* Core Data */ = {
			isa = PBXGroup;
			children = (
				54ADDFBF292A021700A1CAC3 /* View */,
				54ADDFBE2929FE6000A1CAC3 /* ViewModel */,
				54ADDFB92929F83000A1CAC3 /* Persistence.swift */,
				54ADDFBB2929F85500A1CAC3 /* Task_Manager.xcdatamodeld */,
			);
			path = "Core Data";
			sourceTree = "<group>";
		};
		54ADDFBE2929FE6000A1CAC3 /* ViewModel */ = {
			isa = PBXGroup;
			children = (
				54ADDFC0292A023800A1CAC3 /* TaskViewModel.swift */,
			);
			path = ViewModel;
			sourceTree = "<group>";
		};
		54ADDFBF292A021700A1CAC3 /* View */ = {
			isa = PBXGroup;
			children = (
				54ADDFB72929F70D00A1CAC3 /* TaskManagerView.swift */,
				54ADDFC2292A0BAB00A1CAC3 /* AddNewTask.swift */,
				54ADDFC4292A771100A1CAC3 /* DynamicFilteredView.swift */,
			);
			path = View;
			sourceTree = "<group>";
		};
		54CE2F5B29377DFB00CF5DA0 /* Magnification App */ = {
			isa = PBXGroup;
			children = (
				54CE2F5C29377E1B00CF5DA0 /* MagnificationApp.swift */,
			);
			path = "Magnification App";
			sourceTree = "<group>";
		};
/* End PBXGroup section */

/* Begin PBXNativeTarget section */
		5409DAF32930FD4A0065163C /* CryptoWidgetExtension */ = {
			isa = PBXNativeTarget;
			buildConfigurationList = 5409DB082930FD4C0065163C /* Build configuration list for PBXNativeTarget "CryptoWidgetExtension" */;
			buildPhases = (
				5409DAF02930FD4A0065163C /* Sources */,
				5409DAF12930FD4A0065163C /* Frameworks */,
				5409DAF22930FD4A0065163C /* Resources */,
			);
			buildRules = (
			);
			dependencies = (
			);
			name = CryptoWidgetExtension;
			productName = CryptoWidgetExtension;
			productReference = 5409DAF42930FD4A0065163C /* CryptoWidgetExtension.appex */;
			productType = "com.apple.product-type.app-extension";
		};
		546E82FE291F2E9D00DB556E /* SwiftExercise */ = {
			isa = PBXNativeTarget;
			buildConfigurationList = 546E830D291F2E9F00DB556E /* Build configuration list for PBXNativeTarget "SwiftExercise" */;
			buildPhases = (
				546E82FB291F2E9D00DB556E /* Sources */,
				546E82FC291F2E9D00DB556E /* Frameworks */,
				546E82FD291F2E9D00DB556E /* Resources */,
				5409DB052930FD4C0065163C /* Embed Foundation Extensions */,
			);
			buildRules = (
			);
			dependencies = (
				5409DB032930FD4C0065163C /* PBXTargetDependency */,
			);
			name = SwiftExercise;
			packageProductDependencies = (
				546E8320291F89AA00DB556E /* SocketIO */,
			);
			productName = SwiftExercise;
			productReference = 546E82FF291F2E9D00DB556E /* SwiftExercise.app */;
			productType = "com.apple.product-type.application";
		};
/* End PBXNativeTarget section */

/* Begin PBXProject section */
		546E82F7291F2E9D00DB556E /* Project object */ = {
			isa = PBXProject;
			attributes = {
				BuildIndependentTargetsInParallel = 1;
				LastSwiftUpdateCheck = 1410;
				LastUpgradeCheck = 1410;
				TargetAttributes = {
					5409DAF32930FD4A0065163C = {
						CreatedOnToolsVersion = 14.1;
					};
					546E82FE291F2E9D00DB556E = {
						CreatedOnToolsVersion = 14.1;
					};
				};
			};
			buildConfigurationList = 546E82FA291F2E9D00DB556E /* Build configuration list for PBXProject "SwiftExercise" */;
			compatibilityVersion = "Xcode 14.0";
			developmentRegion = en;
			hasScannedForEncodings = 0;
			knownRegions = (
				en,
				Base,
			);
			mainGroup = 546E82F6291F2E9D00DB556E;
			packageReferences = (
				546E831F291F89AA00DB556E /* XCRemoteSwiftPackageReference "socket.io-client-swift" */,
			);
			productRefGroup = 546E8300291F2E9D00DB556E /* Products */;
			projectDirPath = "";
			projectRoot = "";
			targets = (
				546E82FE291F2E9D00DB556E /* SwiftExercise */,
				5409DAF32930FD4A0065163C /* CryptoWidgetExtension */,
			);
		};
/* End PBXProject section */

/* Begin PBXResourcesBuildPhase section */
		5409DAF22930FD4A0065163C /* Resources */ = {
			isa = PBXResourcesBuildPhase;
			buildActionMask = 2147483647;
			files = (
				5409DB002930FD4C0065163C /* Assets.xcassets in Resources */,
			);
			runOnlyForDeploymentPostprocessing = 0;
		};
		546E82FD291F2E9D00DB556E /* Resources */ = {
			isa = PBXResourcesBuildPhase;
			buildActionMask = 2147483647;
			files = (
				546E830A291F2E9F00DB556E /* Preview Assets.xcassets in Resources */,
				546E8307291F2E9F00DB556E /* Assets.xcassets in Resources */,
			);
			runOnlyForDeploymentPostprocessing = 0;
		};
/* End PBXResourcesBuildPhase section */

/* Begin PBXSourcesBuildPhase section */
		5409DAF02930FD4A0065163C /* Sources */ = {
			isa = PBXSourcesBuildPhase;
			buildActionMask = 2147483647;
			files = (
				5409DAFE2930FD4A0065163C /* CryptoWidget.swift in Sources */,
				5409DAFC2930FD4A0065163C /* CryptoWidgetBundle.swift in Sources */,
			);
			runOnlyForDeploymentPostprocessing = 0;
		};
		546E82FB291F2E9D00DB556E /* Sources */ = {
			isa = PBXSourcesBuildPhase;
			buildActionMask = 2147483647;
			files = (
				546AC5F829290C180067EAEE /* AnimatedStickyHeaderMainView.swift in Sources */,
				54ADDFC3292A0BAB00A1CAC3 /* AddNewTask.swift in Sources */,
				54ADDFB82929F70D00A1CAC3 /* TaskManagerView.swift in Sources */,
				54CE2F5D29377E1B00CF5DA0 /* MagnificationApp.swift in Sources */,
				546E8345291F9ADB00DB556E /* SocketService.swift in Sources */,
				54478E88292B997600AD82CE /* Task2View.swift in Sources */,
				546E831C291F3E5900DB556E /* StudentListView.swift in Sources */,
				54634E91292938F500A34B14 /* ParallaxCardEffect.swift in Sources */,
				543F78F52934BA7E008FABF8 /* Card.swift in Sources */,
				543F78F7293590D2008FABF8 /* DetailView.swift in Sources */,
				546E8343291F9A6000DB556E /* SocketIOView.swift in Sources */,
				54ADDFBD2929F85500A1CAC3 /* Task_Manager.xcdatamodeld in Sources */,
				54478E97292C52D600AD82CE /* Task2Add.swift in Sources */,
				546E8311291F328B00DB556E /* Pages.swift in Sources */,
				54ADDFBA2929F83000A1CAC3 /* Persistence.swift in Sources */,
				546E8305291F2E9D00DB556E /* ContentView.swift in Sources */,
				54478E8F292B9B2600AD82CE /* Task2ViewModel.swift in Sources */,
				543F78F02931C40A008FABF8 /* Home.swift in Sources */,
				543F78F9293590FD008FABF8 /* FlightDetailView.swift in Sources */,
				543F78F22931C486008FABF8 /* FlightApp.swift in Sources */,
				54478E95292C4B7300AD82CE /* Task2Filter.swift in Sources */,
				546E8303291F2E9D00DB556E /* SwiftExerciseApp.swift in Sources */,
				546E8318291F3AAF00DB556E /* StudentViewModel.swift in Sources */,
				546E8316291F396700DB556E /* Model.swift in Sources */,
				54ADDFC1292A023800A1CAC3 /* TaskViewModel.swift in Sources */,
				54ADDFC5292A771100A1CAC3 /* DynamicFilteredView.swift in Sources */,
				546E831E291F40CC00DB556E /* StudentDetailView.swift in Sources */,
			);
			runOnlyForDeploymentPostprocessing = 0;
		};
/* End PBXSourcesBuildPhase section */

/* Begin PBXTargetDependency section */
		5409DB032930FD4C0065163C /* PBXTargetDependency */ = {
			isa = PBXTargetDependency;
			target = 5409DAF32930FD4A0065163C /* CryptoWidgetExtension */;
			targetProxy = 5409DB022930FD4C0065163C /* PBXContainerItemProxy */;
		};
/* End PBXTargetDependency section */

/* Begin XCBuildConfiguration section */
		5409DB062930FD4C0065163C /* Debug */ = {
			isa = XCBuildConfiguration;
			buildSettings = {
				ASSETCATALOG_COMPILER_GLOBAL_ACCENT_COLOR_NAME = AccentColor;
				ASSETCATALOG_COMPILER_WIDGET_BACKGROUND_COLOR_NAME = WidgetBackground;
				CODE_SIGN_STYLE = Automatic;
				CURRENT_PROJECT_VERSION = 1;
				DEVELOPMENT_TEAM = 9GB3FK5KD8;
				GENERATE_INFOPLIST_FILE = YES;
				INFOPLIST_FILE = CryptoWidget/Info.plist;
				INFOPLIST_KEY_CFBundleDisplayName = CryptoWidget;
				INFOPLIST_KEY_NSHumanReadableCopyright = "";
				LD_RUNPATH_SEARCH_PATHS = (
					"$(inherited)",
					"@executable_path/Frameworks",
					"@executable_path/../../Frameworks",
				);
				MARKETING_VERSION = 1.0;
				PRODUCT_BUNDLE_IDENTIFIER = com.lowjungxuan.SwiftExercise.CryptoWidget;
				PRODUCT_NAME = "$(TARGET_NAME)";
				SKIP_INSTALL = YES;
				SWIFT_EMIT_LOC_STRINGS = YES;
				SWIFT_VERSION = 5.0;
				TARGETED_DEVICE_FAMILY = "1,2";
			};
			name = Debug;
		};
		5409DB072930FD4C0065163C /* Release */ = {
			isa = XCBuildConfiguration;
			buildSettings = {
				ASSETCATALOG_COMPILER_GLOBAL_ACCENT_COLOR_NAME = AccentColor;
				ASSETCATALOG_COMPILER_WIDGET_BACKGROUND_COLOR_NAME = WidgetBackground;
				CODE_SIGN_STYLE = Automatic;
				CURRENT_PROJECT_VERSION = 1;
				DEVELOPMENT_TEAM = 9GB3FK5KD8;
				GENERATE_INFOPLIST_FILE = YES;
				INFOPLIST_FILE = CryptoWidget/Info.plist;
				INFOPLIST_KEY_CFBundleDisplayName = CryptoWidget;
				INFOPLIST_KEY_NSHumanReadableCopyright = "";
				LD_RUNPATH_SEARCH_PATHS = (
					"$(inherited)",
					"@executable_path/Frameworks",
					"@executable_path/../../Frameworks",
				);
				MARKETING_VERSION = 1.0;
				PRODUCT_BUNDLE_IDENTIFIER = com.lowjungxuan.SwiftExercise.CryptoWidget;
				PRODUCT_NAME = "$(TARGET_NAME)";
				SKIP_INSTALL = YES;
				SWIFT_EMIT_LOC_STRINGS = YES;
				SWIFT_VERSION = 5.0;
				TARGETED_DEVICE_FAMILY = "1,2";
			};
			name = Release;
		};
		546E830B291F2E9F00DB556E /* Debug */ = {
			isa = XCBuildConfiguration;
			buildSettings = {
				ALWAYS_SEARCH_USER_PATHS = NO;
				CLANG_ANALYZER_NONNULL = YES;
				CLANG_ANALYZER_NUMBER_OBJECT_CONVERSION = YES_AGGRESSIVE;
				CLANG_CXX_LANGUAGE_STANDARD = "gnu++20";
				CLANG_ENABLE_MODULES = YES;
				CLANG_ENABLE_OBJC_ARC = YES;
				CLANG_ENABLE_OBJC_WEAK = YES;
				CLANG_WARN_BLOCK_CAPTURE_AUTORELEASING = YES;
				CLANG_WARN_BOOL_CONVERSION = YES;
				CLANG_WARN_COMMA = YES;
				CLANG_WARN_CONSTANT_CONVERSION = YES;
				CLANG_WARN_DEPRECATED_OBJC_IMPLEMENTATIONS = YES;
				CLANG_WARN_DIRECT_OBJC_ISA_USAGE = YES_ERROR;
				CLANG_WARN_DOCUMENTATION_COMMENTS = YES;
				CLANG_WARN_EMPTY_BODY = YES;
				CLANG_WARN_ENUM_CONVERSION = YES;
				CLANG_WARN_INFINITE_RECURSION = YES;
				CLANG_WARN_INT_CONVERSION = YES;
				CLANG_WARN_NON_LITERAL_NULL_CONVERSION = YES;
				CLANG_WARN_OBJC_IMPLICIT_RETAIN_SELF = YES;
				CLANG_WARN_OBJC_LITERAL_CONVERSION = YES;
				CLANG_WARN_OBJC_ROOT_CLASS = YES_ERROR;
				CLANG_WARN_QUOTED_INCLUDE_IN_FRAMEWORK_HEADER = YES;
				CLANG_WARN_RANGE_LOOP_ANALYSIS = YES;
				CLANG_WARN_STRICT_PROTOTYPES = YES;
				CLANG_WARN_SUSPICIOUS_MOVE = YES;
				CLANG_WARN_UNGUARDED_AVAILABILITY = YES_AGGRESSIVE;
				CLANG_WARN_UNREACHABLE_CODE = YES;
				CLANG_WARN__DUPLICATE_METHOD_MATCH = YES;
				COPY_PHASE_STRIP = NO;
				DEBUG_INFORMATION_FORMAT = dwarf;
				ENABLE_STRICT_OBJC_MSGSEND = YES;
				ENABLE_TESTABILITY = YES;
				GCC_C_LANGUAGE_STANDARD = gnu11;
				GCC_DYNAMIC_NO_PIC = NO;
				GCC_NO_COMMON_BLOCKS = YES;
				GCC_OPTIMIZATION_LEVEL = 0;
				GCC_PREPROCESSOR_DEFINITIONS = (
					"DEBUG=1",
					"$(inherited)",
				);
				GCC_WARN_64_TO_32_BIT_CONVERSION = YES;
				GCC_WARN_ABOUT_RETURN_TYPE = YES_ERROR;
				GCC_WARN_UNDECLARED_SELECTOR = YES;
				GCC_WARN_UNINITIALIZED_AUTOS = YES_AGGRESSIVE;
				GCC_WARN_UNUSED_FUNCTION = YES;
				GCC_WARN_UNUSED_VARIABLE = YES;
				IPHONEOS_DEPLOYMENT_TARGET = 16.1;
				MTL_ENABLE_DEBUG_INFO = INCLUDE_SOURCE;
				MTL_FAST_MATH = YES;
				ONLY_ACTIVE_ARCH = YES;
				SDKROOT = iphoneos;
				SWIFT_ACTIVE_COMPILATION_CONDITIONS = DEBUG;
				SWIFT_OPTIMIZATION_LEVEL = "-Onone";
			};
			name = Debug;
		};
		546E830C291F2E9F00DB556E /* Release */ = {
			isa = XCBuildConfiguration;
			buildSettings = {
				ALWAYS_SEARCH_USER_PATHS = NO;
				CLANG_ANALYZER_NONNULL = YES;
				CLANG_ANALYZER_NUMBER_OBJECT_CONVERSION = YES_AGGRESSIVE;
				CLANG_CXX_LANGUAGE_STANDARD = "gnu++20";
				CLANG_ENABLE_MODULES = YES;
				CLANG_ENABLE_OBJC_ARC = YES;
				CLANG_ENABLE_OBJC_WEAK = YES;
				CLANG_WARN_BLOCK_CAPTURE_AUTORELEASING = YES;
				CLANG_WARN_BOOL_CONVERSION = YES;
				CLANG_WARN_COMMA = YES;
				CLANG_WARN_CONSTANT_CONVERSION = YES;
				CLANG_WARN_DEPRECATED_OBJC_IMPLEMENTATIONS = YES;
				CLANG_WARN_DIRECT_OBJC_ISA_USAGE = YES_ERROR;
				CLANG_WARN_DOCUMENTATION_COMMENTS = YES;
				CLANG_WARN_EMPTY_BODY = YES;
				CLANG_WARN_ENUM_CONVERSION = YES;
				CLANG_WARN_INFINITE_RECURSION = YES;
				CLANG_WARN_INT_CONVERSION = YES;
				CLANG_WARN_NON_LITERAL_NULL_CONVERSION = YES;
				CLANG_WARN_OBJC_IMPLICIT_RETAIN_SELF = YES;
				CLANG_WARN_OBJC_LITERAL_CONVERSION = YES;
				CLANG_WARN_OBJC_ROOT_CLASS = YES_ERROR;
				CLANG_WARN_QUOTED_INCLUDE_IN_FRAMEWORK_HEADER = YES;
				CLANG_WARN_RANGE_LOOP_ANALYSIS = YES;
				CLANG_WARN_STRICT_PROTOTYPES = YES;
				CLANG_WARN_SUSPICIOUS_MOVE = YES;
				CLANG_WARN_UNGUARDED_AVAILABILITY = YES_AGGRESSIVE;
				CLANG_WARN_UNREACHABLE_CODE = YES;
				CLANG_WARN__DUPLICATE_METHOD_MATCH = YES;
				COPY_PHASE_STRIP = NO;
				DEBUG_INFORMATION_FORMAT = "dwarf-with-dsym";
				ENABLE_NS_ASSERTIONS = NO;
				ENABLE_STRICT_OBJC_MSGSEND = YES;
				GCC_C_LANGUAGE_STANDARD = gnu11;
				GCC_NO_COMMON_BLOCKS = YES;
				GCC_WARN_64_TO_32_BIT_CONVERSION = YES;
				GCC_WARN_ABOUT_RETURN_TYPE = YES_ERROR;
				GCC_WARN_UNDECLARED_SELECTOR = YES;
				GCC_WARN_UNINITIALIZED_AUTOS = YES_AGGRESSIVE;
				GCC_WARN_UNUSED_FUNCTION = YES;
				GCC_WARN_UNUSED_VARIABLE = YES;
				IPHONEOS_DEPLOYMENT_TARGET = 16.1;
				MTL_ENABLE_DEBUG_INFO = NO;
				MTL_FAST_MATH = YES;
				SDKROOT = iphoneos;
				SWIFT_COMPILATION_MODE = wholemodule;
				SWIFT_OPTIMIZATION_LEVEL = "-O";
				VALIDATE_PRODUCT = YES;
			};
			name = Release;
		};
		546E830E291F2E9F00DB556E /* Debug */ = {
			isa = XCBuildConfiguration;
			buildSettings = {
				ALWAYS_EMBED_SWIFT_STANDARD_LIBRARIES = YES;
				ASSETCATALOG_COMPILER_APPICON_NAME = AppIcon;
				ASSETCATALOG_COMPILER_GLOBAL_ACCENT_COLOR_NAME = AccentColor;
				CODE_SIGN_STYLE = Automatic;
				CURRENT_PROJECT_VERSION = 1;
				DEVELOPMENT_ASSET_PATHS = "\"SwiftExercise/Preview Content\"";
				DEVELOPMENT_TEAM = 9GB3FK5KD8;
				ENABLE_PREVIEWS = YES;
				GENERATE_INFOPLIST_FILE = YES;
				INFOPLIST_FILE = SwiftExercise/Info.plist;
				INFOPLIST_KEY_UIApplicationSceneManifest_Generation = YES;
				INFOPLIST_KEY_UIApplicationSupportsIndirectInputEvents = YES;
				INFOPLIST_KEY_UILaunchScreen_Generation = YES;
				INFOPLIST_KEY_UISupportedInterfaceOrientations_iPad = "UIInterfaceOrientationPortrait UIInterfaceOrientationPortraitUpsideDown UIInterfaceOrientationLandscapeLeft UIInterfaceOrientationLandscapeRight";
				INFOPLIST_KEY_UISupportedInterfaceOrientations_iPhone = "UIInterfaceOrientationPortrait UIInterfaceOrientationLandscapeLeft UIInterfaceOrientationLandscapeRight";
				LD_RUNPATH_SEARCH_PATHS = (
					"$(inherited)",
					"@executable_path/Frameworks",
				);
				MARKETING_VERSION = 1.0;
				PRODUCT_BUNDLE_IDENTIFIER = com.lowjungxuan.SwiftExercise;
				PRODUCT_NAME = "$(TARGET_NAME)";
				SWIFT_EMIT_LOC_STRINGS = YES;
				SWIFT_VERSION = 5.0;
				TARGETED_DEVICE_FAMILY = "1,2";
			};
			name = Debug;
		};
		546E830F291F2E9F00DB556E /* Release */ = {
			isa = XCBuildConfiguration;
			buildSettings = {
				ALWAYS_EMBED_SWIFT_STANDARD_LIBRARIES = YES;
				ASSETCATALOG_COMPILER_APPICON_NAME = AppIcon;
				ASSETCATALOG_COMPILER_GLOBAL_ACCENT_COLOR_NAME = AccentColor;
				CODE_SIGN_STYLE = Automatic;
				CURRENT_PROJECT_VERSION = 1;
				DEVELOPMENT_ASSET_PATHS = "\"SwiftExercise/Preview Content\"";
				DEVELOPMENT_TEAM = 9GB3FK5KD8;
				ENABLE_PREVIEWS = YES;
				GENERATE_INFOPLIST_FILE = YES;
				INFOPLIST_FILE = SwiftExercise/Info.plist;
				INFOPLIST_KEY_UIApplicationSceneManifest_Generation = YES;
				INFOPLIST_KEY_UIApplicationSupportsIndirectInputEvents = YES;
				INFOPLIST_KEY_UILaunchScreen_Generation = YES;
				INFOPLIST_KEY_UISupportedInterfaceOrientations_iPad = "UIInterfaceOrientationPortrait UIInterfaceOrientationPortraitUpsideDown UIInterfaceOrientationLandscapeLeft UIInterfaceOrientationLandscapeRight";
				INFOPLIST_KEY_UISupportedInterfaceOrientations_iPhone = "UIInterfaceOrientationPortrait UIInterfaceOrientationLandscapeLeft UIInterfaceOrientationLandscapeRight";
				LD_RUNPATH_SEARCH_PATHS = (
					"$(inherited)",
					"@executable_path/Frameworks",
				);
				MARKETING_VERSION = 1.0;
				PRODUCT_BUNDLE_IDENTIFIER = com.lowjungxuan.SwiftExercise;
				PRODUCT_NAME = "$(TARGET_NAME)";
				SWIFT_EMIT_LOC_STRINGS = YES;
				SWIFT_VERSION = 5.0;
				TARGETED_DEVICE_FAMILY = "1,2";
			};
			name = Release;
		};
/* End XCBuildConfiguration section */

/* Begin XCConfigurationList section */
		5409DB082930FD4C0065163C /* Build configuration list for PBXNativeTarget "CryptoWidgetExtension" */ = {
			isa = XCConfigurationList;
			buildConfigurations = (
				5409DB062930FD4C0065163C /* Debug */,
				5409DB072930FD4C0065163C /* Release */,
			);
			defaultConfigurationIsVisible = 0;
			defaultConfigurationName = Release;
		};
		546E82FA291F2E9D00DB556E /* Build configuration list for PBXProject "SwiftExercise" */ = {
			isa = XCConfigurationList;
			buildConfigurations = (
				546E830B291F2E9F00DB556E /* Debug */,
				546E830C291F2E9F00DB556E /* Release */,
			);
			defaultConfigurationIsVisible = 0;
			defaultConfigurationName = Release;
		};
		546E830D291F2E9F00DB556E /* Build configuration list for PBXNativeTarget "SwiftExercise" */ = {
			isa = XCConfigurationList;
			buildConfigurations = (
				546E830E291F2E9F00DB556E /* Debug */,
				546E830F291F2E9F00DB556E /* Release */,
			);
			defaultConfigurationIsVisible = 0;
			defaultConfigurationName = Release;
		};
/* End XCConfigurationList section */

/* Begin XCRemoteSwiftPackageReference section */
		546E831F291F89AA00DB556E /* XCRemoteSwiftPackageReference "socket.io-client-swift" */ = {
			isa = XCRemoteSwiftPackageReference;
			repositoryURL = "https://github.com/socketio/socket.io-client-swift.git";
			requirement = {
				branch = master;
				kind = branch;
			};
		};
/* End XCRemoteSwiftPackageReference section */

/* Begin XCSwiftPackageProductDependency section */
		546E8320291F89AA00DB556E /* SocketIO */ = {
			isa = XCSwiftPackageProductDependency;
			package = 546E831F291F89AA00DB556E /* XCRemoteSwiftPackageReference "socket.io-client-swift" */;
			productName = SocketIO;
		};
/* End XCSwiftPackageProductDependency section */

/* Begin XCVersionGroup section */
		54ADDFBB2929F85500A1CAC3 /* Task_Manager.xcdatamodeld */ = {
			isa = XCVersionGroup;
			children = (
				54ADDFBC2929F85500A1CAC3 /* Task_Manager.xcdatamodel */,
			);
			currentVersion = 54ADDFBC2929F85500A1CAC3 /* Task_Manager.xcdatamodel */;
			path = Task_Manager.xcdatamodeld;
			sourceTree = "<group>";
			versionGroupType = wrapper.xcdatamodel;
		};
/* End XCVersionGroup section */
	};
	rootObject = 546E82F7291F2E9D00DB556E /* Project object */;
}
